<?xml version="1.0" encoding="utf-8"?>
<Project ToolsVersion="4.0" xmlns="http://schemas.microsoft.com/developer/msbuild/2003">
  <ItemGroup>
    <Filter Include="shaders">
      <UniqueIdentifier>{116ac880-16cc-4610-a45a-7a3f29139306}</UniqueIdentifier>
    </Filter>
    <Filter Include="src">
      <UniqueIdentifier>{4FC737F1-C7A5-4376-A066-2A32D752A2FF}</UniqueIdentifier>
      <Extensions>cpp;c;cc;cxx;c++;def;odl;idl;hpj;bat;asm;asmx</Extensions>
    </Filter>
    <Filter Include="misc">
      <UniqueIdentifier>{5ac096cb-5059-43e3-b653-6479f9f6f7a2}</UniqueIdentifier>
    </Filter>
    <Filter Include="third party">
      <UniqueIdentifier>{fdc1dbba-c678-4892-8ff4-9fc0401b49b3}</UniqueIdentifier>
    </Filter>
    <Filter Include="third party\fmt">
      <UniqueIdentifier>{e1c5df1c-48f6-431b-8c5f-f48c52d639b7}</UniqueIdentifier>
    </Filter>
  </ItemGroup>
  <ItemGroup>
    <ClCompile Include="..\src\main.cpp">
      <Filter>src</Filter>
    </ClCompile>
    <ClCompile Include="..\third_party\fmt\src\format.cc">
      <Filter>third party\fmt</Filter>
    </ClCompile>
    <ClCompile Include="..\third_party\fmt\src\os.cc">
      <Filter>third party\fmt</Filter>
    </ClCompile>
  </ItemGroup>
  <ItemGroup>
    <None Include="..\shaders\shader.frag">
      <Filter>shaders</Filter>
    </None>
    <None Include="..\shaders\shader.vert">
      <Filter>shaders</Filter>
    </None>
    <None Include="..\.clang-format">
      <Filter>misc</Filter>
    </None>
    <None Include="vulkan.ruleset">
      <Filter>misc</Filter>
    </None>
  </ItemGroup>
</Project>